
Microsoft Visual Studio Solution File, Format Version 12.00
# Visual Studio Version 16
VisualStudioVersion = 16.0.30503.244
MinimumVisualStudioVersion = 10.0.40219.1
Project("{FAE04EC0-301F-11D3-BF4B-00C04F79EFBC}") = "Попытка 1", "Попытка 1\Попытка 1.csproj", "{DE202586-CCE3-40B6-AD18-94304F0230CD}"
EndProject
Project("{FAE04EC0-301F-11D3-BF4B-00C04F79EFBC}") = "DAL", "DAL\DAL.csproj", "{E89B5D6D-22C1-457E-910F-A8FDDF080CF4}"
EndProject
Global
	GlobalSection(SolutionConfigurationPlatforms) = preSolution
		Debug|Any CPU = Debug|Any CPU
		Release|Any CPU = Release|Any CPU
	EndGlobalSection
	GlobalSection(ProjectConfigurationPlatforms) = postSolution
		{DE202586-CCE3-40B6-AD18-94304F0230CD}.Debug|Any CPU.ActiveCfg = Debug|Any CPU
		{DE202586-CCE3-40B6-AD18-94304F0230CD}.Debug|Any CPU.Build.0 = Debug|Any CPU
		{DE202586-CCE3-40B6-AD18-94304F0230CD}.Release|Any CPU.ActiveCfg = Release|Any CPU
		{DE202586-CCE3-40B6-AD18-94304F0230CD}.Release|Any CPU.Build.0 = Release|Any CPU
		{E89B5D6D-22C1-457E-910F-A8FDDF080CF4}.Debug|Any CPU.ActiveCfg = Debug|Any CPU
		{E89B5D6D-22C1-457E-910F-A8FDDF080CF4}.Debug|Any CPU.Build.0 = Debug|Any CPU
		{E89B5D6D-22C1-457E-910F-A8FDDF080CF4}.Release|Any CPU.ActiveCfg = Release|Any CPU
		{E89B5D6D-22C1-457E-910F-A8FDDF080CF4}.Release|Any CPU.Build.0 = Release|Any CPU
	EndGlobalSection
	GlobalSection(SolutionProperties) = preSolution
		HideSolutionNode = FALSE
	EndGlobalSection
	GlobalSection(ExtensibilityGlobals) = postSolution
		SolutionGuid = {2BD757E9-F083-4B22-A344-1B9D2BA2A85B}
	EndGlobalSection
EndGlobal
